
Microsoft Visual Studio Solution File, Format Version 12.00
# Visual Studio Version 17
VisualStudioVersion = 17.14.36518.9
MinimumVisualStudioVersion = 10.0.40219.1
Project("{FAE04EC0-301F-11D3-BF4B-00C04F79EFBC}") = "NZWalksAPI", "NZWalksAPI\NZWalksAPI.csproj", "{2A23BE3E-25B7-4BA7-BA7D-A047290C1757}"
EndProject
Project("{FAE04EC0-301F-11D3-BF4B-00C04F79EFBC}") = "NZWalks.UI", "NZWalks.UI\NZWalks.UI.csproj", "{59202FE6-253F-4A46-A9DF-BD200946FBD0}"
EndProject
Global
	GlobalSection(SolutionConfigurationPlatforms) = preSolution
		Debug|Any CPU = Debug|Any CPU
		Release|Any CPU = Release|Any CPU
	EndGlobalSection
	GlobalSection(ProjectConfigurationPlatforms) = postSolution
		{2A23BE3E-25B7-4BA7-BA7D-A047290C1757}.Debug|Any CPU.ActiveCfg = Debug|Any CPU
		{2A23BE3E-25B7-4BA7-BA7D-A047290C1757}.Debug|Any CPU.Build.0 = Debug|Any CPU
		{2A23BE3E-25B7-4BA7-BA7D-A047290C1757}.Release|Any CPU.ActiveCfg = Release|Any CPU
		{2A23BE3E-25B7-4BA7-BA7D-A047290C1757}.Release|Any CPU.Build.0 = Release|Any CPU
		{59202FE6-253F-4A46-A9DF-BD200946FBD0}.Debug|Any CPU.ActiveCfg = Debug|Any CPU
		{59202FE6-253F-4A46-A9DF-BD200946FBD0}.Debug|Any CPU.Build.0 = Debug|Any CPU
		{59202FE6-253F-4A46-A9DF-BD200946FBD0}.Release|Any CPU.ActiveCfg = Release|Any CPU
		{59202FE6-253F-4A46-A9DF-BD200946FBD0}.Release|Any CPU.Build.0 = Release|Any CPU
	EndGlobalSection
	GlobalSection(SolutionProperties) = preSolution
		HideSolutionNode = FALSE
	EndGlobalSection
	GlobalSection(ExtensibilityGlobals) = postSolution
		SolutionGuid = {7ACF47E3-6A4D-4AD5-90A6-45A92DD28A1A}
	EndGlobalSection
EndGlobal
